<?xml version="1.0" encoding="utf-8"?>
<Project ToolsVersion="4.0" xmlns="http://schemas.microsoft.com/developer/msbuild/2003">
  <ItemGroup>
    <Filter Include="Zdrojové soubory">
      <UniqueIdentifier>{4FC737F1-C7A5-4376-A066-2A32D752A2FF}</UniqueIdentifier>
      <Extensions>cpp;c;cc;cxx;c++;cppm;ixx;def;odl;idl;hpj;bat;asm;asmx</Extensions>
    </Filter>
    <Filter Include="Hlavičkové soubory">
      <UniqueIdentifier>{93995380-89BD-4b04-88EB-625FBE52EBFB}</UniqueIdentifier>
      <Extensions>h;hh;hpp;hxx;h++;hm;inl;inc;ipp;xsd</Extensions>
    </Filter>
    <Filter Include="Soubory zdrojů">
      <UniqueIdentifier>{67DA6AB6-F800-4c08-8B7A-83BB121AAD01}</UniqueIdentifier>
      <Extensions>rc;ico;cur;bmp;dlg;rc2;rct;bin;rgs;gif;jpg;jpeg;jpe;resx;tiff;tif;png;wav;mfcribbon-ms</Extensions>
    </Filter>
    <Filter Include="Config">
      <UniqueIdentifier>{7d098e7d-e45d-423c-afa6-d1d93854c5ba}</UniqueIdentifier>
    </Filter>
  </ItemGroup>
  <ItemGroup>
    <ClCompile Include="Services.cpp">
      <Filter>Zdrojové soubory</Filter>
    </ClCompile>
    <ClCompile Include="Tools.cpp">
      <Filter>Zdrojové soubory</Filter>
    </ClCompile>
    <ClCompile Include="MAIN.cpp">
      <Filter>Zdrojové soubory</Filter>
    </ClCompile>
    <ClCompile Include="Processes.cpp">
      <Filter>Zdrojové soubory</Filter>
    </ClCompile>
    <ClCompile Include="Log.cpp">
      <Filter>Zdrojové soubory</Filter>
    </ClCompile>
    <ClCompile Include="System.cpp">
      <Filter>Zdrojové soubory</Filter>
    </ClCompile>
    <ClCompile Include="config\handler.cpp">
      <Filter>Config</Filter>
    </ClCompile>
    <ClCompile Include="config\item.cpp">
      <Filter>Config</Filter>
    </ClCompile>
    <ClCompile Include="config\parser.cpp">
      <Filter>Config</Filter>
    </ClCompile>
    <ClCompile Include="PostChanges.cpp">
      <Filter>Zdrojové soubory</Filter>
    </ClCompile>
  </ItemGroup>
  <ItemGroup>
    <ClInclude Include="Services.h">
      <Filter>Zdrojové soubory</Filter>
    </ClInclude>
    <ClInclude Include="Tools.h">
      <Filter>Zdrojové soubory</Filter>
    </ClInclude>
    <ClInclude Include="Processes.h">
      <Filter>Zdrojové soubory</Filter>
    </ClInclude>
    <ClInclude Include="NtProcessFunctions.h">
      <Filter>Zdrojové soubory</Filter>
    </ClInclude>
    <ClInclude Include="Log.h">
      <Filter>Zdrojové soubory</Filter>
    </ClInclude>
    <ClInclude Include="Settings.h">
      <Filter>Zdrojové soubory</Filter>
    </ClInclude>
    <ClInclude Include="System.h">
      <Filter>Zdrojové soubory</Filter>
    </ClInclude>
    <ClInclude Include="config\errors.h">
      <Filter>Config</Filter>
    </ClInclude>
    <ClInclude Include="config\handler.h">
      <Filter>Config</Filter>
    </ClInclude>
    <ClInclude Include="config\item.h">
      <Filter>Config</Filter>
    </ClInclude>
    <ClInclude Include="config\parser.h">
      <Filter>Config</Filter>
    </ClInclude>
    <ClInclude Include="PostChanges.h">
      <Filter>Zdrojové soubory</Filter>
    </ClInclude>
  </ItemGroup>
</Project>